
Microsoft Visual Studio Solution File, Format Version 12.00
# Visual Studio Version 16
VisualStudioVersion = 16.0.31613.86
MinimumVisualStudioVersion = 10.0.40219.1
Project("{FAE04EC0-301F-11D3-BF4B-00C04F79EFBC}") = "WebApplication1", "WebApplication1\WebApplication1.csproj", "{73078070-5C8F-4022-AE5D-15D8F812063E}"
EndProject
Global
	GlobalSection(SolutionConfigurationPlatforms) = preSolution
		Debug|Any CPU = Debug|Any CPU
		Release|Any CPU = Release|Any CPU
	EndGlobalSection
	GlobalSection(ProjectConfigurationPlatforms) = postSolution
		{73078070-5C8F-4022-AE5D-15D8F812063E}.Debug|Any CPU.ActiveCfg = Debug|Any CPU
		{73078070-5C8F-4022-AE5D-15D8F812063E}.Debug|Any CPU.Build.0 = Debug|Any CPU
		{73078070-5C8F-4022-AE5D-15D8F812063E}.Release|Any CPU.ActiveCfg = Release|Any CPU
		{73078070-5C8F-4022-AE5D-15D8F812063E}.Release|Any CPU.Build.0 = Release|Any CPU
	EndGlobalSection
	GlobalSection(SolutionProperties) = preSolution
		HideSolutionNode = FALSE
	EndGlobalSection
	GlobalSection(ExtensibilityGlobals) = postSolution
		SolutionGuid = {4F1041B8-65D7-4A2A-A4F2-6A334DDD75D7}
	EndGlobalSection
EndGlobal
